{
  "name": "shared",
  "version": "1.0.0",
  "lockfileVersion": 3,
  "requires": true,
  "packages": {
    "": {
      "name": "shared",
      "version": "1.0.0",
      "license": "ISC",
      "dependencies": {
        "replicache": "^14.2.2"
      },
      "devDependencies": {
        "typescript": "^5.5.3"
      }
    },
    "node_modules/@badrap/valita": {
      "version": "0.3.8",
      "resolved": "https://registry.npmjs.org/@badrap/valita/-/valita-0.3.8.tgz",
      "integrity": "sha512-aqzw+V8XSOkYlu7Aq1QhXqfxz5V6Vm6e0p6XZYZDEaGwSc6ac9OJ4B7U4BOo3mm7FzzRRHJ5yizeGKnj+REjBQ==",
      "engines": {
        "node": ">= 16"
      }
    },
    "node_modules/@rocicorp/lock": {
      "version": "1.0.4",
      "resolved": "https://registry.npmjs.org/@rocicorp/lock/-/lock-1.0.4.tgz",
      "integrity": "sha512-FavTiO8ETXFXDVfA87IThGduTTTR8iqzBnr/c60gUUmbk7knGEXPmf2B+yiNuluJD0ku0fL2V2r62UXnsLXl6w==",
      "dependencies": {
        "@rocicorp/resolver": "^1.0.2"
      },
      "engines": {
        "node": "^12.20.0 || ^14.13.1 || >=16.0.0"
      }
    },
    "node_modules/@rocicorp/logger": {
      "version": "5.2.2",
      "resolved": "https://registry.npmjs.org/@rocicorp/logger/-/logger-5.2.2.tgz",
      "integrity": "sha512-lqS/SUUBdiGzsIPD2awMiOzwo0DpAjMriPtqpALausplVHDjyJjUyScrB0Y7QcvxDfSPFkJzT5FncgIU3uBF2g=="
    },
    "node_modules/@rocicorp/resolver": {
      "version": "1.0.2",
      "resolved": "https://registry.npmjs.org/@rocicorp/resolver/-/resolver-1.0.2.tgz",
      "integrity": "sha512-TfjMTQp9cNNqNtHFfa+XHEGdA7NnmDRu+ZJH4YF3dso0Xk/b9DMhg/sl+b6CR4ThFZArXXDsG1j8Mwl34wcOZQ==",
      "engines": {
        "node": "^12.20.0 || ^14.13.1 || >=16.0.0"
      }
    },
    "node_modules/replicache": {
      "version": "14.2.2",
      "resolved": "https://registry.npmjs.org/replicache/-/replicache-14.2.2.tgz",
      "integrity": "sha512-PBlt6C2X7wSPVUUVBKumHPTXXmPZYO/rqoTQXYLgvzPabYkKBdJbCEHjh9hXNUU5vpkzDeEmOPQqlVus9zCiBg==",
      "dependencies": {
        "@badrap/valita": "^0.3.0",
        "@rocicorp/lock": "^1.0.3",
        "@rocicorp/logger": "^5.2.1",
        "@rocicorp/resolver": "^1.0.1"
      },
      "bin": {
        "replicache": "out/cli.cjs"
      },
      "engines": {
        "node": ">=14.8.0"
      }
    },
    "node_modules/typescript": {
      "version": "5.5.3",
      "resolved": "https://registry.npmjs.org/typescript/-/typescript-5.5.3.tgz",
      "integrity": "sha512-/hreyEujaB0w76zKo6717l3L0o/qEUtRgdvUBvlkhoWeOVMjMuHNHk0BRBzikzuGDqNmPQbg5ifMEqsHLiIUcQ==",
      "dev": true,
      "bin": {
        "tsc": "bin/tsc",
        "tsserver": "bin/tsserver"
      },
      "engines": {
        "node": ">=14.17"
      }
    }
  }
}
